
Microsoft Visual Studio Solution File, Format Version 12.00
# Visual Studio Version 16
VisualStudioVersion = 16.0.29728.190
MinimumVisualStudioVersion = 15.0.26124.0
Project("{9A19103F-16F7-4668-BE54-9A1E7A4F7556}") = "BackEnd", "BackEnd\BackEnd.csproj", "{97A82AD6-F7C3-4B26-B26A-ADEBAD351CDE}"
EndProject
Project("{FAE04EC0-301F-11D3-BF4B-00C04F79EFBC}") = "WorkflowDTO", "WorkflowDTO\WorkflowDTO.csproj", "{68C5E26D-3106-492D-9213-409F1F6321FB}"
EndProject
Global
	GlobalSection(SolutionConfigurationPlatforms) = preSolution
		Debug|Any CPU = Debug|Any CPU
		Debug|x64 = Debug|x64
		Debug|x86 = Debug|x86
		Release|Any CPU = Release|Any CPU
		Release|x64 = Release|x64
		Release|x86 = Release|x86
	EndGlobalSection
	GlobalSection(ProjectConfigurationPlatforms) = postSolution
		{97A82AD6-F7C3-4B26-B26A-ADEBAD351CDE}.Debug|Any CPU.ActiveCfg = Debug|Any CPU
		{97A82AD6-F7C3-4B26-B26A-ADEBAD351CDE}.Debug|Any CPU.Build.0 = Debug|Any CPU
		{97A82AD6-F7C3-4B26-B26A-ADEBAD351CDE}.Debug|x64.ActiveCfg = Debug|Any CPU
		{97A82AD6-F7C3-4B26-B26A-ADEBAD351CDE}.Debug|x64.Build.0 = Debug|Any CPU
		{97A82AD6-F7C3-4B26-B26A-ADEBAD351CDE}.Debug|x86.ActiveCfg = Debug|Any CPU
		{97A82AD6-F7C3-4B26-B26A-ADEBAD351CDE}.Debug|x86.Build.0 = Debug|Any CPU
		{97A82AD6-F7C3-4B26-B26A-ADEBAD351CDE}.Release|Any CPU.ActiveCfg = Release|Any CPU
		{97A82AD6-F7C3-4B26-B26A-ADEBAD351CDE}.Release|Any CPU.Build.0 = Release|Any CPU
		{97A82AD6-F7C3-4B26-B26A-ADEBAD351CDE}.Release|x64.ActiveCfg = Release|Any CPU
		{97A82AD6-F7C3-4B26-B26A-ADEBAD351CDE}.Release|x64.Build.0 = Release|Any CPU
		{97A82AD6-F7C3-4B26-B26A-ADEBAD351CDE}.Release|x86.ActiveCfg = Release|Any CPU
		{97A82AD6-F7C3-4B26-B26A-ADEBAD351CDE}.Release|x86.Build.0 = Release|Any CPU
		{68C5E26D-3106-492D-9213-409F1F6321FB}.Debug|Any CPU.ActiveCfg = Debug|Any CPU
		{68C5E26D-3106-492D-9213-409F1F6321FB}.Debug|Any CPU.Build.0 = Debug|Any CPU
		{68C5E26D-3106-492D-9213-409F1F6321FB}.Debug|x64.ActiveCfg = Debug|Any CPU
		{68C5E26D-3106-492D-9213-409F1F6321FB}.Debug|x64.Build.0 = Debug|Any CPU
		{68C5E26D-3106-492D-9213-409F1F6321FB}.Debug|x86.ActiveCfg = Debug|Any CPU
		{68C5E26D-3106-492D-9213-409F1F6321FB}.Debug|x86.Build.0 = Debug|Any CPU
		{68C5E26D-3106-492D-9213-409F1F6321FB}.Release|Any CPU.ActiveCfg = Release|Any CPU
		{68C5E26D-3106-492D-9213-409F1F6321FB}.Release|Any CPU.Build.0 = Release|Any CPU
		{68C5E26D-3106-492D-9213-409F1F6321FB}.Release|x64.ActiveCfg = Release|Any CPU
		{68C5E26D-3106-492D-9213-409F1F6321FB}.Release|x64.Build.0 = Release|Any CPU
		{68C5E26D-3106-492D-9213-409F1F6321FB}.Release|x86.ActiveCfg = Release|Any CPU
		{68C5E26D-3106-492D-9213-409F1F6321FB}.Release|x86.Build.0 = Release|Any CPU
	EndGlobalSection
	GlobalSection(SolutionProperties) = preSolution
		HideSolutionNode = FALSE
	EndGlobalSection
	GlobalSection(ExtensibilityGlobals) = postSolution
		SolutionGuid = {9D12133E-A850-45F1-A028-E91881ED1342}
	EndGlobalSection
EndGlobal
